// !$*UTF8*$!
{
	archiveVersion = 1;
	classes = {
	};
	objectVersion = 50;
	objects = {

/* Begin PBXBuildFile section */
		2200DA3F235647B700626EE7 /* DriverTableViewCell2.swift in Sources */ = {isa = PBXBuildFile; fileRef = 2200DA3E235647B700626EE7 /* DriverTableViewCell2.swift */; };
		2200DA412356520D00626EE7 /* DetailTableViewCell.swift in Sources */ = {isa = PBXBuildFile; fileRef = 2200DA402356520D00626EE7 /* DetailTableViewCell.swift */; };
		2200DA432356695F00626EE7 /* DriverDetailTableViewController.swift in Sources */ = {isa = PBXBuildFile; fileRef = 2200DA422356695F00626EE7 /* DriverDetailTableViewController.swift */; };
		2207A9B023368CBE004BC4A3 /* RaceInfoViewController.swift in Sources */ = {isa = PBXBuildFile; fileRef = 2207A9AF23368CBE004BC4A3 /* RaceInfoViewController.swift */; };
		2207A9B223368DC5004BC4A3 /* RaceTrackTableViewController.swift in Sources */ = {isa = PBXBuildFile; fileRef = 2207A9B123368DC5004BC4A3 /* RaceTrackTableViewController.swift */; };
		2207A9B423368DE5004BC4A3 /* DriverTableViewController.swift in Sources */ = {isa = PBXBuildFile; fileRef = 2207A9B323368DE5004BC4A3 /* DriverTableViewController.swift */; };
		221D56B22356F24C00E0ADB8 /* DriverManager.swift in Sources */ = {isa = PBXBuildFile; fileRef = 221D56B12356F24C00E0ADB8 /* DriverManager.swift */; };
		22302DF7233772FA0069B46B /* RaceTrackModel.swift in Sources */ = {isa = PBXBuildFile; fileRef = 22302DF6233772FA0069B46B /* RaceTrackModel.swift */; };
		22302DF923377C2F0069B46B /* RequestManager.swift in Sources */ = {isa = PBXBuildFile; fileRef = 22302DF823377C2F0069B46B /* RequestManager.swift */; };
		22302DFB23377EA30069B46B /* RaceTrackTableViewCell.swift in Sources */ = {isa = PBXBuildFile; fileRef = 22302DFA23377EA30069B46B /* RaceTrackTableViewCell.swift */; };
		229D2055233531CE005DBA8C /* AppDelegate.swift in Sources */ = {isa = PBXBuildFile; fileRef = 229D2054233531CE005DBA8C /* AppDelegate.swift */; };
		229D205A233531CE005DBA8C /* Main.storyboard in Resources */ = {isa = PBXBuildFile; fileRef = 229D2058233531CE005DBA8C /* Main.storyboard */; };
		229D205C233531D0005DBA8C /* Assets.xcassets in Resources */ = {isa = PBXBuildFile; fileRef = 229D205B233531D0005DBA8C /* Assets.xcassets */; };
		229D205F233531D0005DBA8C /* LaunchScreen.storyboard in Resources */ = {isa = PBXBuildFile; fileRef = 229D205D233531D0005DBA8C /* LaunchScreen.storyboard */; };
		22A2FB482338E1D100132741 /* DriverModel.swift in Sources */ = {isa = PBXBuildFile; fileRef = 22A2FB472338E1D100132741 /* DriverModel.swift */; };
		22CFCF96234E767900CC4844 /* Circuit.swift in Sources */ = {isa = PBXBuildFile; fileRef = 22CFCF95234E767900CC4844 /* Circuit.swift */; };
		22D57DC1234CDDCA00567D13 /* ConstructorTableViewCell.swift in Sources */ = {isa = PBXBuildFile; fileRef = 22D57DC0234CDDCA00567D13 /* ConstructorTableViewCell.swift */; };
		22D57DC3234CE28300567D13 /* ConstructorStandings.swift in Sources */ = {isa = PBXBuildFile; fileRef = 22D57DC2234CE28300567D13 /* ConstructorStandings.swift */; };
		22D57DC5234CE60100567D13 /* ConstructorTableViewController.swift in Sources */ = {isa = PBXBuildFile; fileRef = 22D57DC4234CE60100567D13 /* ConstructorTableViewController.swift */; };
		22DEBFB2233B6D3800E5C643 /* DetailTrackViewController.swift in Sources */ = {isa = PBXBuildFile; fileRef = 22DEBFB1233B6D3800E5C643 /* DetailTrackViewController.swift */; };
		22DEBFB4233B703900E5C643 /* ConstructorModel.swift in Sources */ = {isa = PBXBuildFile; fileRef = 22DEBFB3233B703900E5C643 /* ConstructorModel.swift */; };
		22DEBFB6233B90F000E5C643 /* Country.swift in Sources */ = {isa = PBXBuildFile; fileRef = 22DEBFB5233B90F000E5C643 /* Country.swift */; };
		22F73F2C23387D7D00F2AABD /* DriverStandings.swift in Sources */ = {isa = PBXBuildFile; fileRef = 22F73F2B23387D7D00F2AABD /* DriverStandings.swift */; };
		22F73F2E2338866400F2AABD /* DriverTableViewCell.swift in Sources */ = {isa = PBXBuildFile; fileRef = 22F73F2D2338866400F2AABD /* DriverTableViewCell.swift */; };
		6627D4DC0025C5305AEEB137 /* Pods_Formula_One.framework in Frameworks */ = {isa = PBXBuildFile; fileRef = 40B9C6F96827FA5E91789044 /* Pods_Formula_One.framework */; };
/* End PBXBuildFile section */

/* Begin PBXFileReference section */
		2200DA3E235647B700626EE7 /* DriverTableViewCell2.swift */ = {isa = PBXFileReference; lastKnownFileType = sourcecode.swift; path = DriverTableViewCell2.swift; sourceTree = "<group>"; };
		2200DA402356520D00626EE7 /* DetailTableViewCell.swift */ = {isa = PBXFileReference; lastKnownFileType = sourcecode.swift; path = DetailTableViewCell.swift; sourceTree = "<group>"; };
		2200DA422356695F00626EE7 /* DriverDetailTableViewController.swift */ = {isa = PBXFileReference; lastKnownFileType = sourcecode.swift; path = DriverDetailTableViewController.swift; sourceTree = "<group>"; };
		2207A9AF23368CBE004BC4A3 /* RaceInfoViewController.swift */ = {isa = PBXFileReference; lastKnownFileType = sourcecode.swift; path = RaceInfoViewController.swift; sourceTree = "<group>"; };
		2207A9B123368DC5004BC4A3 /* RaceTrackTableViewController.swift */ = {isa = PBXFileReference; lastKnownFileType = sourcecode.swift; path = RaceTrackTableViewController.swift; sourceTree = "<group>"; };
		2207A9B323368DE5004BC4A3 /* DriverTableViewController.swift */ = {isa = PBXFileReference; lastKnownFileType = sourcecode.swift; path = DriverTableViewController.swift; sourceTree = "<group>"; };
		221D56B12356F24C00E0ADB8 /* DriverManager.swift */ = {isa = PBXFileReference; lastKnownFileType = sourcecode.swift; path = DriverManager.swift; sourceTree = "<group>"; };
		22302DF6233772FA0069B46B /* RaceTrackModel.swift */ = {isa = PBXFileReference; lastKnownFileType = sourcecode.swift; path = RaceTrackModel.swift; sourceTree = "<group>"; };
		22302DF823377C2F0069B46B /* RequestManager.swift */ = {isa = PBXFileReference; lastKnownFileType = sourcecode.swift; path = RequestManager.swift; sourceTree = "<group>"; };
		22302DFA23377EA30069B46B /* RaceTrackTableViewCell.swift */ = {isa = PBXFileReference; lastKnownFileType = sourcecode.swift; path = RaceTrackTableViewCell.swift; sourceTree = "<group>"; };
		229D2051233531CE005DBA8C /* Formula One.app */ = {isa = PBXFileReference; explicitFileType = wrapper.application; includeInIndex = 0; path = "Formula One.app"; sourceTree = BUILT_PRODUCTS_DIR; };
		229D2054233531CE005DBA8C /* AppDelegate.swift */ = {isa = PBXFileReference; lastKnownFileType = sourcecode.swift; path = AppDelegate.swift; sourceTree = "<group>"; };
		229D2059233531CE005DBA8C /* Base */ = {isa = PBXFileReference; lastKnownFileType = file.storyboard; name = Base; path = Base.lproj/Main.storyboard; sourceTree = "<group>"; };
		229D205B233531D0005DBA8C /* Assets.xcassets */ = {isa = PBXFileReference; lastKnownFileType = folder.assetcatalog; path = Assets.xcassets; sourceTree = "<group>"; };
		229D205E233531D0005DBA8C /* Base */ = {isa = PBXFileReference; lastKnownFileType = file.storyboard; name = Base; path = Base.lproj/LaunchScreen.storyboard; sourceTree = "<group>"; };
		229D2060233531D0005DBA8C /* Info.plist */ = {isa = PBXFileReference; lastKnownFileType = text.plist.xml; path = Info.plist; sourceTree = "<group>"; };
		22A2FB472338E1D100132741 /* DriverModel.swift */ = {isa = PBXFileReference; lastKnownFileType = sourcecode.swift; path = DriverModel.swift; sourceTree = "<group>"; };
		22CFCF95234E767900CC4844 /* Circuit.swift */ = {isa = PBXFileReference; lastKnownFileType = sourcecode.swift; path = Circuit.swift; sourceTree = "<group>"; };
		22D57DC0234CDDCA00567D13 /* ConstructorTableViewCell.swift */ = {isa = PBXFileReference; lastKnownFileType = sourcecode.swift; name = ConstructorTableViewCell.swift; path = "/Users/macos/Desktop/Formula One/ConstructorTableViewCell.swift"; sourceTree = "<absolute>"; };
		22D57DC2234CE28300567D13 /* ConstructorStandings.swift */ = {isa = PBXFileReference; lastKnownFileType = sourcecode.swift; name = ConstructorStandings.swift; path = "/Users/macos/Desktop/Formula One/ConstructorStandings.swift"; sourceTree = "<absolute>"; };
		22D57DC4234CE60100567D13 /* ConstructorTableViewController.swift */ = {isa = PBXFileReference; lastKnownFileType = sourcecode.swift; name = ConstructorTableViewController.swift; path = "/Users/macos/Desktop/Formula One/ConstructorTableViewController.swift"; sourceTree = "<absolute>"; };
		22DEBFB1233B6D3800E5C643 /* DetailTrackViewController.swift */ = {isa = PBXFileReference; lastKnownFileType = sourcecode.swift; name = DetailTrackViewController.swift; path = "/Users/macos/Desktop/Formula One/DetailTrackViewController.swift"; sourceTree = "<absolute>"; };
		22DEBFB3233B703900E5C643 /* ConstructorModel.swift */ = {isa = PBXFileReference; lastKnownFileType = sourcecode.swift; name = ConstructorModel.swift; path = "/Users/macos/Desktop/Formula One/ConstructorModel.swift"; sourceTree = "<absolute>"; };
		22DEBFB5233B90F000E5C643 /* Country.swift */ = {isa = PBXFileReference; lastKnownFileType = sourcecode.swift; name = Country.swift; path = "/Users/macos/Desktop/Formula One/Country.swift"; sourceTree = "<absolute>"; };
		22F73F2B23387D7D00F2AABD /* DriverStandings.swift */ = {isa = PBXFileReference; lastKnownFileType = sourcecode.swift; path = DriverStandings.swift; sourceTree = "<group>"; };
		22F73F2D2338866400F2AABD /* DriverTableViewCell.swift */ = {isa = PBXFileReference; lastKnownFileType = sourcecode.swift; path = DriverTableViewCell.swift; sourceTree = "<group>"; };
		3D4A4AF7D637D4AD687F2384 /* Pods-Formula One.release.xcconfig */ = {isa = PBXFileReference; includeInIndex = 1; lastKnownFileType = text.xcconfig; name = "Pods-Formula One.release.xcconfig"; path = "Pods/Target Support Files/Pods-Formula One/Pods-Formula One.release.xcconfig"; sourceTree = "<group>"; };
		40B9C6F96827FA5E91789044 /* Pods_Formula_One.framework */ = {isa = PBXFileReference; explicitFileType = wrapper.framework; includeInIndex = 0; path = Pods_Formula_One.framework; sourceTree = BUILT_PRODUCTS_DIR; };
		9EDE04A0B0214DD8EA465C29 /* Pods-Formula One.debug.xcconfig */ = {isa = PBXFileReference; includeInIndex = 1; lastKnownFileType = text.xcconfig; name = "Pods-Formula One.debug.xcconfig"; path = "Pods/Target Support Files/Pods-Formula One/Pods-Formula One.debug.xcconfig"; sourceTree = "<group>"; };
/* End PBXFileReference section */

/* Begin PBXFrameworksBuildPhase section */
		229D204E233531CE005DBA8C /* Frameworks */ = {
			isa = PBXFrameworksBuildPhase;
			buildActionMask = 2147483647;
			files = (
				6627D4DC0025C5305AEEB137 /* Pods_Formula_One.framework in Frameworks */,
			);
			runOnlyForDeploymentPostprocessing = 0;
		};
/* End PBXFrameworksBuildPhase section */

/* Begin PBXGroup section */
		221989442337FB7C00EAFDD4 /* Model */ = {
			isa = PBXGroup;
			children = (
				22302DF6233772FA0069B46B /* RaceTrackModel.swift */,
				22302DF823377C2F0069B46B /* RequestManager.swift */,
				22F73F2B23387D7D00F2AABD /* DriverStandings.swift */,
				22D57DC2234CE28300567D13 /* ConstructorStandings.swift */,
				22A2FB472338E1D100132741 /* DriverModel.swift */,
				22DEBFB3233B703900E5C643 /* ConstructorModel.swift */,
				22DEBFB5233B90F000E5C643 /* Country.swift */,
				22CFCF95234E767900CC4844 /* Circuit.swift */,
				221D56B12356F24C00E0ADB8 /* DriverManager.swift */,
			);
			name = Model;
			sourceTree = "<group>";
		};
		221989452337FBA600EAFDD4 /* View */ = {
			isa = PBXGroup;
			children = (
				22302DFA23377EA30069B46B /* RaceTrackTableViewCell.swift */,
				22F73F2D2338866400F2AABD /* DriverTableViewCell.swift */,
				2200DA3E235647B700626EE7 /* DriverTableViewCell2.swift */,
				22D57DC0234CDDCA00567D13 /* ConstructorTableViewCell.swift */,
				2200DA402356520D00626EE7 /* DetailTableViewCell.swift */,
			);
			name = View;
			sourceTree = "<group>";
		};
		221989472337FBE200EAFDD4 /* Controller */ = {
			isa = PBXGroup;
			children = (
				2207A9AF23368CBE004BC4A3 /* RaceInfoViewController.swift */,
				2207A9B123368DC5004BC4A3 /* RaceTrackTableViewController.swift */,
				2207A9B323368DE5004BC4A3 /* DriverTableViewController.swift */,
				22D57DC4234CE60100567D13 /* ConstructorTableViewController.swift */,
				22DEBFB1233B6D3800E5C643 /* DetailTrackViewController.swift */,
				2200DA422356695F00626EE7 /* DriverDetailTableViewController.swift */,
			);
			name = Controller;
			sourceTree = "<group>";
		};
		229D2048233531CE005DBA8C = {
			isa = PBXGroup;
			children = (
				221989442337FB7C00EAFDD4 /* Model */,
				221989452337FBA600EAFDD4 /* View */,
				221989472337FBE200EAFDD4 /* Controller */,
				229D2053233531CE005DBA8C /* Formula One */,
				229D2052233531CE005DBA8C /* Products */,
				91C1505859CA7AFE928BAF39 /* Pods */,
				6409B02DFE53000D689DC573 /* Frameworks */,
			);
			sourceTree = "<group>";
		};
		229D2052233531CE005DBA8C /* Products */ = {
			isa = PBXGroup;
			children = (
				229D2051233531CE005DBA8C /* Formula One.app */,
			);
			name = Products;
			sourceTree = "<group>";
		};
		229D2053233531CE005DBA8C /* Formula One */ = {
			isa = PBXGroup;
			children = (
				229D2054233531CE005DBA8C /* AppDelegate.swift */,
				229D2058233531CE005DBA8C /* Main.storyboard */,
				229D205B233531D0005DBA8C /* Assets.xcassets */,
				229D205D233531D0005DBA8C /* LaunchScreen.storyboard */,
				229D2060233531D0005DBA8C /* Info.plist */,
			);
			path = "Formula One";
			sourceTree = "<group>";
		};
		6409B02DFE53000D689DC573 /* Frameworks */ = {
			isa = PBXGroup;
			children = (
				40B9C6F96827FA5E91789044 /* Pods_Formula_One.framework */,
			);
			name = Frameworks;
			sourceTree = "<group>";
		};
		91C1505859CA7AFE928BAF39 /* Pods */ = {
			isa = PBXGroup;
			children = (
				9EDE04A0B0214DD8EA465C29 /* Pods-Formula One.debug.xcconfig */,
				3D4A4AF7D637D4AD687F2384 /* Pods-Formula One.release.xcconfig */,
			);
			name = Pods;
			sourceTree = "<group>";
		};
/* End PBXGroup section */

/* Begin PBXNativeTarget section */
		229D2050233531CE005DBA8C /* Formula One */ = {
			isa = PBXNativeTarget;
			buildConfigurationList = 229D2063233531D0005DBA8C /* Build configuration list for PBXNativeTarget "Formula One" */;
			buildPhases = (
				A82DB4186ED55DB7CF3FC75C /* [CP] Check Pods Manifest.lock */,
				229D204D233531CE005DBA8C /* Sources */,
				229D204E233531CE005DBA8C /* Frameworks */,
				229D204F233531CE005DBA8C /* Resources */,
				BB7D5AAF3787DFDB5DCF8587 /* [CP] Embed Pods Frameworks */,
			);
			buildRules = (
			);
			dependencies = (
			);
			name = "Formula One";
			productName = "Formula One";
			productReference = 229D2051233531CE005DBA8C /* Formula One.app */;
			productType = "com.apple.product-type.application";
		};
/* End PBXNativeTarget section */

/* Begin PBXProject section */
		229D2049233531CE005DBA8C /* Project object */ = {
			isa = PBXProject;
			attributes = {
				LastSwiftUpdateCheck = 1010;
				LastUpgradeCheck = 1010;
				ORGANIZATIONNAME = "MAC OS ";
				TargetAttributes = {
					229D2050233531CE005DBA8C = {
						CreatedOnToolsVersion = 10.1;
					};
				};
			};
			buildConfigurationList = 229D204C233531CE005DBA8C /* Build configuration list for PBXProject "Formula One" */;
			compatibilityVersion = "Xcode 9.3";
			developmentRegion = en;
			hasScannedForEncodings = 0;
			knownRegions = (
				en,
				Base,
			);
			mainGroup = 229D2048233531CE005DBA8C;
			productRefGroup = 229D2052233531CE005DBA8C /* Products */;
			projectDirPath = "";
			projectRoot = "";
			targets = (
				229D2050233531CE005DBA8C /* Formula One */,
			);
		};
/* End PBXProject section */

/* Begin PBXResourcesBuildPhase section */
		229D204F233531CE005DBA8C /* Resources */ = {
			isa = PBXResourcesBuildPhase;
			buildActionMask = 2147483647;
			files = (
				229D205F233531D0005DBA8C /* LaunchScreen.storyboard in Resources */,
				229D205C233531D0005DBA8C /* Assets.xcassets in Resources */,
				229D205A233531CE005DBA8C /* Main.storyboard in Resources */,
			);
			runOnlyForDeploymentPostprocessing = 0;
		};
/* End PBXResourcesBuildPhase section */

/* Begin PBXShellScriptBuildPhase section */
		A82DB4186ED55DB7CF3FC75C /* [CP] Check Pods Manifest.lock */ = {
			isa = PBXShellScriptBuildPhase;
			buildActionMask = 2147483647;
			files = (
			);
			inputFileListPaths = (
			);
			inputPaths = (
				"${PODS_PODFILE_DIR_PATH}/Podfile.lock",
				"${PODS_ROOT}/Manifest.lock",
			);
			name = "[CP] Check Pods Manifest.lock";
			outputFileListPaths = (
			);
			outputPaths = (
				"$(DERIVED_FILE_DIR)/Pods-Formula One-checkManifestLockResult.txt",
			);
			runOnlyForDeploymentPostprocessing = 0;
			shellPath = /bin/sh;
			shellScript = "diff \"${PODS_PODFILE_DIR_PATH}/Podfile.lock\" \"${PODS_ROOT}/Manifest.lock\" > /dev/null\nif [ $? != 0 ] ; then\n    # print error to STDERR\n    echo \"error: The sandbox is not in sync with the Podfile.lock. Run 'pod install' or update your CocoaPods installation.\" >&2\n    exit 1\nfi\n# This output is used by Xcode 'outputs' to avoid re-running this script phase.\necho \"SUCCESS\" > \"${SCRIPT_OUTPUT_FILE_0}\"\n";
			showEnvVarsInLog = 0;
		};
		BB7D5AAF3787DFDB5DCF8587 /* [CP] Embed Pods Frameworks */ = {
			isa = PBXShellScriptBuildPhase;
			buildActionMask = 2147483647;
			files = (
			);
			inputFileListPaths = (
			);
			inputPaths = (
				"${SRCROOT}/Pods/Target Support Files/Pods-Formula One/Pods-Formula One-frameworks.sh",
				"${BUILT_PRODUCTS_DIR}/SwiftyJSON/SwiftyJSON.framework",
			);
			name = "[CP] Embed Pods Frameworks";
			outputFileListPaths = (
			);
			outputPaths = (
				"${TARGET_BUILD_DIR}/${FRAMEWORKS_FOLDER_PATH}/SwiftyJSON.framework",
			);
			runOnlyForDeploymentPostprocessing = 0;
			shellPath = /bin/sh;
			shellScript = "\"${SRCROOT}/Pods/Target Support Files/Pods-Formula One/Pods-Formula One-frameworks.sh\"\n";
			showEnvVarsInLog = 0;
		};
/* End PBXShellScriptBuildPhase section */

/* Begin PBXSourcesBuildPhase section */
		229D204D233531CE005DBA8C /* Sources */ = {
			isa = PBXSourcesBuildPhase;
			buildActionMask = 2147483647;
			files = (
				22D57DC3234CE28300567D13 /* ConstructorStandings.swift in Sources */,
				229D2055233531CE005DBA8C /* AppDelegate.swift in Sources */,
				22F73F2E2338866400F2AABD /* DriverTableViewCell.swift in Sources */,
				22DEBFB4233B703900E5C643 /* ConstructorModel.swift in Sources */,
				22DEBFB2233B6D3800E5C643 /* DetailTrackViewController.swift in Sources */,
				22302DFB23377EA30069B46B /* RaceTrackTableViewCell.swift in Sources */,
				2207A9B023368CBE004BC4A3 /* RaceInfoViewController.swift in Sources */,
				22302DF7233772FA0069B46B /* RaceTrackModel.swift in Sources */,
				2200DA3F235647B700626EE7 /* DriverTableViewCell2.swift in Sources */,
				22302DF923377C2F0069B46B /* RequestManager.swift in Sources */,
				2207A9B423368DE5004BC4A3 /* DriverTableViewController.swift in Sources */,
				2207A9B223368DC5004BC4A3 /* RaceTrackTableViewController.swift in Sources */,
				22D57DC1234CDDCA00567D13 /* ConstructorTableViewCell.swift in Sources */,
				22D57DC5234CE60100567D13 /* ConstructorTableViewController.swift in Sources */,
				2200DA432356695F00626EE7 /* DriverDetailTableViewController.swift in Sources */,
				22F73F2C23387D7D00F2AABD /* DriverStandings.swift in Sources */,
				22A2FB482338E1D100132741 /* DriverModel.swift in Sources */,
				22DEBFB6233B90F000E5C643 /* Country.swift in Sources */,
				221D56B22356F24C00E0ADB8 /* DriverManager.swift in Sources */,
				22CFCF96234E767900CC4844 /* Circuit.swift in Sources */,
				2200DA412356520D00626EE7 /* DetailTableViewCell.swift in Sources */,
			);
			runOnlyForDeploymentPostprocessing = 0;
		};
/* End PBXSourcesBuildPhase section */

/* Begin PBXVariantGroup section */
		229D2058233531CE005DBA8C /* Main.storyboard */ = {
			isa = PBXVariantGroup;
			children = (
				229D2059233531CE005DBA8C /* Base */,
			);
			name = Main.storyboard;
			sourceTree = "<group>";
		};
		229D205D233531D0005DBA8C /* LaunchScreen.storyboard */ = {
			isa = PBXVariantGroup;
			children = (
				229D205E233531D0005DBA8C /* Base */,
			);
			name = LaunchScreen.storyboard;
			sourceTree = "<group>";
		};
/* End PBXVariantGroup section */

/* Begin XCBuildConfiguration section */
		229D2061233531D0005DBA8C /* Debug */ = {
			isa = XCBuildConfiguration;
			buildSettings = {
				ALWAYS_SEARCH_USER_PATHS = NO;
				CLANG_ANALYZER_NONNULL = YES;
				CLANG_ANALYZER_NUMBER_OBJECT_CONVERSION = YES_AGGRESSIVE;
				CLANG_CXX_LANGUAGE_STANDARD = "gnu++14";
				CLANG_CXX_LIBRARY = "libc++";
				CLANG_ENABLE_MODULES = YES;
				CLANG_ENABLE_OBJC_ARC = YES;
				CLANG_ENABLE_OBJC_WEAK = YES;
				CLANG_WARN_BLOCK_CAPTURE_AUTORELEASING = YES;
				CLANG_WARN_BOOL_CONVERSION = YES;
				CLANG_WARN_COMMA = YES;
				CLANG_WARN_CONSTANT_CONVERSION = YES;
				CLANG_WARN_DEPRECATED_OBJC_IMPLEMENTATIONS = YES;
				CLANG_WARN_DIRECT_OBJC_ISA_USAGE = YES_ERROR;
				CLANG_WARN_DOCUMENTATION_COMMENTS = YES;
				CLANG_WARN_EMPTY_BODY = YES;
				CLANG_WARN_ENUM_CONVERSION = YES;
				CLANG_WARN_INFINITE_RECURSION = YES;
				CLANG_WARN_INT_CONVERSION = YES;
				CLANG_WARN_NON_LITERAL_NULL_CONVERSION = YES;
				CLANG_WARN_OBJC_IMPLICIT_RETAIN_SELF = YES;
				CLANG_WARN_OBJC_LITERAL_CONVERSION = YES;
				CLANG_WARN_OBJC_ROOT_CLASS = YES_ERROR;
				CLANG_WARN_RANGE_LOOP_ANALYSIS = YES;
				CLANG_WARN_STRICT_PROTOTYPES = YES;
				CLANG_WARN_SUSPICIOUS_MOVE = YES;
				CLANG_WARN_UNGUARDED_AVAILABILITY = YES_AGGRESSIVE;
				CLANG_WARN_UNREACHABLE_CODE = YES;
				CLANG_WARN__DUPLICATE_METHOD_MATCH = YES;
				CODE_SIGN_IDENTITY = "iPhone Developer";
				COPY_PHASE_STRIP = NO;
				DEBUG_INFORMATION_FORMAT = dwarf;
				ENABLE_STRICT_OBJC_MSGSEND = YES;
				ENABLE_TESTABILITY = YES;
				GCC_C_LANGUAGE_STANDARD = gnu11;
				GCC_DYNAMIC_NO_PIC = NO;
				GCC_NO_COMMON_BLOCKS = YES;
				GCC_OPTIMIZATION_LEVEL = 0;
				GCC_PREPROCESSOR_DEFINITIONS = (
					"DEBUG=1",
					"$(inherited)",
				);
				GCC_WARN_64_TO_32_BIT_CONVERSION = YES;
				GCC_WARN_ABOUT_RETURN_TYPE = YES_ERROR;
				GCC_WARN_UNDECLARED_SELECTOR = YES;
				GCC_WARN_UNINITIALIZED_AUTOS = YES_AGGRESSIVE;
				GCC_WARN_UNUSED_FUNCTION = YES;
				GCC_WARN_UNUSED_VARIABLE = YES;
				IPHONEOS_DEPLOYMENT_TARGET = 12.1;
				MTL_ENABLE_DEBUG_INFO = INCLUDE_SOURCE;
				MTL_FAST_MATH = YES;
				ONLY_ACTIVE_ARCH = YES;
				SDKROOT = iphoneos;
				SWIFT_ACTIVE_COMPILATION_CONDITIONS = DEBUG;
				SWIFT_OPTIMIZATION_LEVEL = "-Onone";
			};
			name = Debug;
		};
		229D2062233531D0005DBA8C /* Release */ = {
			isa = XCBuildConfiguration;
			buildSettings = {
				ALWAYS_SEARCH_USER_PATHS = NO;
				CLANG_ANALYZER_NONNULL = YES;
				CLANG_ANALYZER_NUMBER_OBJECT_CONVERSION = YES_AGGRESSIVE;
				CLANG_CXX_LANGUAGE_STANDARD = "gnu++14";
				CLANG_CXX_LIBRARY = "libc++";
				CLANG_ENABLE_MODULES = YES;
				CLANG_ENABLE_OBJC_ARC = YES;
				CLANG_ENABLE_OBJC_WEAK = YES;
				CLANG_WARN_BLOCK_CAPTURE_AUTORELEASING = YES;
				CLANG_WARN_BOOL_CONVERSION = YES;
				CLANG_WARN_COMMA = YES;
				CLANG_WARN_CONSTANT_CONVERSION = YES;
				CLANG_WARN_DEPRECATED_OBJC_IMPLEMENTATIONS = YES;
				CLANG_WARN_DIRECT_OBJC_ISA_USAGE = YES_ERROR;
				CLANG_WARN_DOCUMENTATION_COMMENTS = YES;
				CLANG_WARN_EMPTY_BODY = YES;
				CLANG_WARN_ENUM_CONVERSION = YES;
				CLANG_WARN_INFINITE_RECURSION = YES;
				CLANG_WARN_INT_CONVERSION = YES;
				CLANG_WARN_NON_LITERAL_NULL_CONVERSION = YES;
				CLANG_WARN_OBJC_IMPLICIT_RETAIN_SELF = YES;
				CLANG_WARN_OBJC_LITERAL_CONVERSION = YES;
				CLANG_WARN_OBJC_ROOT_CLASS = YES_ERROR;
				CLANG_WARN_RANGE_LOOP_ANALYSIS = YES;
				CLANG_WARN_STRICT_PROTOTYPES = YES;
				CLANG_WARN_SUSPICIOUS_MOVE = YES;
				CLANG_WARN_UNGUARDED_AVAILABILITY = YES_AGGRESSIVE;
				CLANG_WARN_UNREACHABLE_CODE = YES;
				CLANG_WARN__DUPLICATE_METHOD_MATCH = YES;
				CODE_SIGN_IDENTITY = "iPhone Developer";
				COPY_PHASE_STRIP = NO;
				DEBUG_INFORMATION_FORMAT = "dwarf-with-dsym";
				ENABLE_NS_ASSERTIONS = NO;
				ENABLE_STRICT_OBJC_MSGSEND = YES;
				GCC_C_LANGUAGE_STANDARD = gnu11;
				GCC_NO_COMMON_BLOCKS = YES;
				GCC_WARN_64_TO_32_BIT_CONVERSION = YES;
				GCC_WARN_ABOUT_RETURN_TYPE = YES_ERROR;
				GCC_WARN_UNDECLARED_SELECTOR = YES;
				GCC_WARN_UNINITIALIZED_AUTOS = YES_AGGRESSIVE;
				GCC_WARN_UNUSED_FUNCTION = YES;
				GCC_WARN_UNUSED_VARIABLE = YES;
				IPHONEOS_DEPLOYMENT_TARGET = 12.1;
				MTL_ENABLE_DEBUG_INFO = NO;
				MTL_FAST_MATH = YES;
				SDKROOT = iphoneos;
				SWIFT_COMPILATION_MODE = wholemodule;
				SWIFT_OPTIMIZATION_LEVEL = "-O";
				VALIDATE_PRODUCT = YES;
			};
			name = Release;
		};
		229D2064233531D0005DBA8C /* Debug */ = {
			isa = XCBuildConfiguration;
			baseConfigurationReference = 9EDE04A0B0214DD8EA465C29 /* Pods-Formula One.debug.xcconfig */;
			buildSettings = {
				ASSETCATALOG_COMPILER_APPICON_NAME = AppIcon;
				CODE_SIGN_STYLE = Automatic;
				DEVELOPMENT_TEAM = 8XZ72UT59X;
				INFOPLIST_FILE = "Formula One/Info.plist";
				LD_RUNPATH_SEARCH_PATHS = (
					"$(inherited)",
					"@executable_path/Frameworks",
				);
				PRODUCT_BUNDLE_IDENTIFIER = "VK.Formula-One";
				PRODUCT_NAME = "$(TARGET_NAME)";
				SWIFT_VERSION = 4.2;
				TARGETED_DEVICE_FAMILY = "1,2";
			};
			name = Debug;
		};
		229D2065233531D0005DBA8C /* Release */ = {
			isa = XCBuildConfiguration;
			baseConfigurationReference = 3D4A4AF7D637D4AD687F2384 /* Pods-Formula One.release.xcconfig */;
			buildSettings = {
				ASSETCATALOG_COMPILER_APPICON_NAME = AppIcon;
				CODE_SIGN_STYLE = Automatic;
				DEVELOPMENT_TEAM = 8XZ72UT59X;
				INFOPLIST_FILE = "Formula One/Info.plist";
				LD_RUNPATH_SEARCH_PATHS = (
					"$(inherited)",
					"@executable_path/Frameworks",
				);
				PRODUCT_BUNDLE_IDENTIFIER = "VK.Formula-One";
				PRODUCT_NAME = "$(TARGET_NAME)";
				SWIFT_VERSION = 4.2;
				TARGETED_DEVICE_FAMILY = "1,2";
			};
			name = Release;
		};
/* End XCBuildConfiguration section */

/* Begin XCConfigurationList section */
		229D204C233531CE005DBA8C /* Build configuration list for PBXProject "Formula One" */ = {
			isa = XCConfigurationList;
			buildConfigurations = (
				229D2061233531D0005DBA8C /* Debug */,
				229D2062233531D0005DBA8C /* Release */,
			);
			defaultConfigurationIsVisible = 0;
			defaultConfigurationName = Release;
		};
		229D2063233531D0005DBA8C /* Build configuration list for PBXNativeTarget "Formula One" */ = {
			isa = XCConfigurationList;
			buildConfigurations = (
				229D2064233531D0005DBA8C /* Debug */,
				229D2065233531D0005DBA8C /* Release */,
			);
			defaultConfigurationIsVisible = 0;
			defaultConfigurationName = Release;
		};
/* End XCConfigurationList section */
	};
	rootObject = 229D2049233531CE005DBA8C /* Project object */;
}
